
Microsoft Visual Studio Solution File, Format Version 12.00
# Visual Studio Version 17
VisualStudioVersion = 17.5.33627.172
MinimumVisualStudioVersion = 10.0.40219.1
Project("{FAE04EC0-301F-11D3-BF4B-00C04F79EFBC}") = "Devoralime", "Devoralime\Devoralime.csproj", "{A3AAA89C-CCFC-4FF1-A3D2-FD13D61AB6A0}"
EndProject
Project("{FAE04EC0-301F-11D3-BF4B-00C04F79EFBC}") = "Devoralime.Core", "Devoralime.Core\Devoralime.Core.csproj", "{60553F51-A32A-4F5D-9D33-B2FBAE33A485}"
EndProject
Project("{FAE04EC0-301F-11D3-BF4B-00C04F79EFBC}") = "Devoralime.Core.Tests", "Devoralime.Core.Tests\Devoralime.Core.Tests.csproj", "{FB70BE34-B782-4619-9E0F-546A2DC010FB}"
EndProject
Global
	GlobalSection(SolutionConfigurationPlatforms) = preSolution
		Debug|Any CPU = Debug|Any CPU
		Release|Any CPU = Release|Any CPU
	EndGlobalSection
	GlobalSection(ProjectConfigurationPlatforms) = postSolution
		{A3AAA89C-CCFC-4FF1-A3D2-FD13D61AB6A0}.Debug|Any CPU.ActiveCfg = Debug|Any CPU
		{A3AAA89C-CCFC-4FF1-A3D2-FD13D61AB6A0}.Debug|Any CPU.Build.0 = Debug|Any CPU
		{A3AAA89C-CCFC-4FF1-A3D2-FD13D61AB6A0}.Release|Any CPU.ActiveCfg = Release|Any CPU
		{A3AAA89C-CCFC-4FF1-A3D2-FD13D61AB6A0}.Release|Any CPU.Build.0 = Release|Any CPU
		{60553F51-A32A-4F5D-9D33-B2FBAE33A485}.Debug|Any CPU.ActiveCfg = Debug|Any CPU
		{60553F51-A32A-4F5D-9D33-B2FBAE33A485}.Debug|Any CPU.Build.0 = Debug|Any CPU
		{60553F51-A32A-4F5D-9D33-B2FBAE33A485}.Release|Any CPU.ActiveCfg = Release|Any CPU
		{60553F51-A32A-4F5D-9D33-B2FBAE33A485}.Release|Any CPU.Build.0 = Release|Any CPU
		{FB70BE34-B782-4619-9E0F-546A2DC010FB}.Debug|Any CPU.ActiveCfg = Debug|Any CPU
		{FB70BE34-B782-4619-9E0F-546A2DC010FB}.Debug|Any CPU.Build.0 = Debug|Any CPU
		{FB70BE34-B782-4619-9E0F-546A2DC010FB}.Release|Any CPU.ActiveCfg = Release|Any CPU
		{FB70BE34-B782-4619-9E0F-546A2DC010FB}.Release|Any CPU.Build.0 = Release|Any CPU
	EndGlobalSection
	GlobalSection(SolutionProperties) = preSolution
		HideSolutionNode = FALSE
	EndGlobalSection
	GlobalSection(ExtensibilityGlobals) = postSolution
		SolutionGuid = {819B006C-E555-4AC3-9520-EE698CB459F3}
	EndGlobalSection
EndGlobal
